
Microsoft Visual Studio Solution File, Format Version 12.00
# Visual Studio 15
VisualStudioVersion = 15.0.28010.2016
MinimumVisualStudioVersion = 10.0.40219.1
Project("{FAE04EC0-301F-11D3-BF4B-00C04F79EFBC}") = "MaterialDesignSample", "MaterialDesignSample\MaterialDesignSample.csproj", "{2C1C9C8A-4FEA-45A8-92C1-51AA03604403}"
EndProject
Project("{FAE04EC0-301F-11D3-BF4B-00C04F79EFBC}") = "MaterialDesignSample.MainModule", "MaterialDesignSample.MainModule\MaterialDesignSample.MainModule.csproj", "{DDC01AEF-4CD3-469A-A9D9-8532227793C2}"
EndProject
Global
	GlobalSection(SolutionConfigurationPlatforms) = preSolution
		Debug|Any CPU = Debug|Any CPU
		Release|Any CPU = Release|Any CPU
	EndGlobalSection
	GlobalSection(ProjectConfigurationPlatforms) = postSolution
		{2C1C9C8A-4FEA-45A8-92C1-51AA03604403}.Debug|Any CPU.ActiveCfg = Debug|Any CPU
		{2C1C9C8A-4FEA-45A8-92C1-51AA03604403}.Debug|Any CPU.Build.0 = Debug|Any CPU
		{2C1C9C8A-4FEA-45A8-92C1-51AA03604403}.Release|Any CPU.ActiveCfg = Release|Any CPU
		{2C1C9C8A-4FEA-45A8-92C1-51AA03604403}.Release|Any CPU.Build.0 = Release|Any CPU
		{DDC01AEF-4CD3-469A-A9D9-8532227793C2}.Debug|Any CPU.ActiveCfg = Debug|Any CPU
		{DDC01AEF-4CD3-469A-A9D9-8532227793C2}.Debug|Any CPU.Build.0 = Debug|Any CPU
		{DDC01AEF-4CD3-469A-A9D9-8532227793C2}.Release|Any CPU.ActiveCfg = Release|Any CPU
		{DDC01AEF-4CD3-469A-A9D9-8532227793C2}.Release|Any CPU.Build.0 = Release|Any CPU
	EndGlobalSection
	GlobalSection(SolutionProperties) = preSolution
		HideSolutionNode = FALSE
	EndGlobalSection
	GlobalSection(ExtensibilityGlobals) = postSolution
		SolutionGuid = {628543D9-8156-47F5-84AC-D3967C7BC3F1}
	EndGlobalSection
EndGlobal
